PODS:
  - Firebase/Core (5.10.0):
    - Firebase/CoreOnly
    - FirebaseAnalytics (= 5.2.0)
  - Firebase/CoreOnly (5.10.0):
    - FirebaseCore (= 5.1.5)
  - Firebase/Messaging (5.10.0):
    - Firebase/CoreOnly
    - FirebaseMessaging (= 3.2.0)
  - FirebaseAnalytics (5.2.0):
    - FirebaseCore (~> 5.1)
    - FirebaseInstanceID (~> 3.2)
    - GoogleAppMeasurement (~> 5.2)
    - GoogleUtilities/AppDelegateSwizzler (~> 5.2)
    - GoogleUtilities/MethodSwizzler (~> 5.2)
    - GoogleUtilities/Network (~> 5.2)
    - "GoogleUtilities/NSData+zlib (~> 5.2)"
    - nanopb (~> 0.3)
  - FirebaseCore (5.1.5):
    - GoogleUtilities/Logger (~> 5.2)
  - FirebaseInstanceID (3.2.2):
    - FirebaseCore (~> 5.1)
    - GoogleUtilities/Environment (~> 5.3)
    - GoogleUtilities/UserDefaults (~> 5.3)
  - FirebaseMessaging (3.2.0):
    - FirebaseCore (~> 5.0)
    - FirebaseInstanceID (~> 3.0)
    - GoogleUtilities/Environment (~> 5.2)
    - GoogleUtilities/Reachability (~> 5.2)
    - Protobuf (~> 3.1)
  - GoogleAppMeasurement (5.2.0):
    - GoogleUtilities/AppDelegateSwizzler (~> 5.2)
    - GoogleUtilities/MethodSwizzler (~> 5.2)
    - GoogleUtilities/Network (~> 5.2)
    - "GoogleUtilities/NSData+zlib (~> 5.2)"
    - nanopb (~> 0.3)
  - GoogleUtilities/AppDelegateSwizzler (5.3.0):
    - GoogleUtilities/Environment
    - GoogleUtilities/Logger
    - GoogleUtilities/Network
  - GoogleUtilities/Environment (5.3.0)
  - GoogleUtilities/Logger (5.3.0):
    - GoogleUtilities/Environment
  - GoogleUtilities/MethodSwizzler (5.3.0):
    - GoogleUtilities/Logger
  - GoogleUtilities/Network (5.3.0):
    - GoogleUtilities/Logger
    - "GoogleUtilities/NSData+zlib"
    - GoogleUtilities/Reachability
  - "GoogleUtilities/NSData+zlib (5.3.0)"
  - GoogleUtilities/Reachability (5.3.0):
    - GoogleUtilities/Logger
  - GoogleUtilities/UserDefaults (5.3.0):
    - GoogleUtilities/Logger
  - nanopb (0.3.8):
    - nanopb/decode (= 0.3.8)
    - nanopb/encode (= 0.3.8)
  - nanopb/decode (0.3.8)
  - nanopb/encode (0.3.8)
  - Protobuf (3.6.1)
  - QBImagePickerController (3.4.0)
  - React (0.59.10):
    - React/Core (= 0.59.10)
  - react-native-biometrics (1.7.1):
    - React
  - react-native-version-number (0.3.6):
    - React
  - React/Core (0.59.10):
    - yoga (= 0.59.10.React)
  - React/RCTImage (0.59.10):
    - React/Core
    - React/RCTNetwork
  - React/RCTNetwork (0.59.10):
    - React/Core
  - rn-fetch-blob (0.10.6):
    - React/Core
  - RNI18n (2.0.15):
    - React
  - RNImageCropPicker (0.24.1):
    - QBImagePickerController
    - React/Core
    - RSKImageCropper
  - RNRangeSlider (1.2.6):
    - React
  - RNSentry (1.0.9):
    - React
    - Sentry (~> 4.4.0)
  - RSKImageCropper (2.2.1)
  - Sentry (4.4.0):
    - Sentry/Core (= 4.4.0)
  - Sentry/Core (4.4.0)
  - yoga (0.59.10.React)

DEPENDENCIES:
  - Firebase/Core
  - Firebase/Messaging
  - react-native-biometrics (from `../node_modules/react-native-biometrics`)
  - react-native-version-number (from `../node_modules/react-native-version-number`)
  - React/RCTImage (from `../node_modules/react-native`)
  - rn-fetch-blob (from `../node_modules/rn-fetch-blob`)
  - RNI18n (from `../node_modules/react-native-i18n`)
  - RNImageCropPicker (from `../node_modules/react-native-image-crop-picker`)
  - RNRangeSlider (from `../node_modules/rn-range-slider`)
  - "RNSentry (from `../node_modules/@sentry/react-native`)"
  - yoga (from `../node_modules/react-native/ReactCommon/yoga/yoga.podspec`)

SPEC REPOS:
  trunk:
    - Firebase
    - FirebaseAnalytics
    - FirebaseCore
    - FirebaseInstanceID
    - FirebaseMessaging
    - GoogleAppMeasurement
    - GoogleUtilities
    - nanopb
    - Protobuf
    - QBImagePickerController
    - RSKImageCropper
    - Sentry

EXTERNAL SOURCES:
  React:
    :path: "../node_modules/react-native"
  react-native-biometrics:
    :path: "../node_modules/react-native-biometrics"
  react-native-version-number:
    :path: "../node_modules/react-native-version-number"
  rn-fetch-blob:
    :path: "../node_modules/rn-fetch-blob"
  RNI18n:
    :path: "../node_modules/react-native-i18n"
  RNImageCropPicker:
    :path: "../node_modules/react-native-image-crop-picker"
  RNRangeSlider:
    :path: "../node_modules/rn-range-slider"
  RNSentry:
    :path: "../node_modules/@sentry/react-native"
  yoga:
    :path: "../node_modules/react-native/ReactCommon/yoga/yoga.podspec"

SPEC CHECKSUMS:
  Firebase: 6691d47562a780c26281ce8464518faafc90c610
  FirebaseAnalytics: 831f1f127f4a75698e9875a87bf7e2668730d953
  FirebaseCore: c6079de64c1a87000e52e9b408dddcadc901177f
  FirebaseInstanceID: 78ba376fcd5b94c001f9999b2cbd3d1f1e56e78d
  FirebaseMessaging: 000b32447b461b34b6b912b23ec11be20b503b5b
  GoogleAppMeasurement: 2b3a023a61239c8d002e6e4fcf4abce8eddce0e0
  GoogleUtilities: 760ccb53b7c7f40f9c02d8c241f76f841a7a6162
  nanopb: 5601e6bca2dbf1ed831b519092ec110f66982ca3
  Protobuf: 1eb9700044745f00181c136ef21b8ff3ad5a0fd5
  QBImagePickerController: d54cf93db6decf26baf6ed3472f336ef35cae022
  React: 36d0768f9e93be2473b37e7fa64f92c1d5341eef
  react-native-biometrics: 269145fae235c2ed025a8083ede5db8165ddf50f
  react-native-version-number: 15563dc4145a94aabfc1faab2a9af10174a4204e
  rn-fetch-blob: 766f85cabd2992300dfa1be2bc9e4e258abc6f04
  RNI18n: e2f7e76389fcc6e84f2c8733ea89b92502351fd8
  RNImageCropPicker: 6134b66a3d5bc13e2895a97c630a4254006902b4
  RNRangeSlider: e1ae15abdd5da66e2c9f0a7fd375a13e695bd706
  RNSentry: 2803ba8c8129dcf26b79e9b4d8c80168be6e4390
  RSKImageCropper: 98296ad26b41753f796b6898d015509598f13d97
  Sentry: 26650184fe71eb7476dfd2737acb5ea6cc64b4b1
  yoga: 684513b14b03201579ba3cee20218c9d1298b0cc

PODFILE CHECKSUM: b2120c2297b95aed224dddbf3b73f281db3b08cc

COCOAPODS: 1.8.4
